
Microsoft Visual Studio Solution File, Format Version 12.00
# Visual Studio 2013
VisualStudioVersion = 12.0.31101.0
MinimumVisualStudioVersion = 10.0.40219.1
Project("{FAE04EC0-301F-11D3-BF4B-00C04F79EFBC}") = "ComputerControl", "ComputerControl\ComputerControl.csproj", "{19ABC6D8-6A41-4B6A-952E-3926302029AF}"
EndProject
Global
	GlobalSection(SolutionConfigurationPlatforms) = preSolution
		Debug|Any CPU = Debug|Any CPU
		Release|Any CPU = Release|Any CPU
	EndGlobalSection
	GlobalSection(ProjectConfigurationPlatforms) = postSolution
		{19ABC6D8-6A41-4B6A-952E-3926302029AF}.Debug|Any CPU.ActiveCfg = Debug|Any CPU
		{19ABC6D8-6A41-4B6A-952E-3926302029AF}.Debug|Any CPU.Build.0 = Debug|Any CPU
		{19ABC6D8-6A41-4B6A-952E-3926302029AF}.Release|Any CPU.ActiveCfg = Release|Any CPU
		{19ABC6D8-6A41-4B6A-952E-3926302029AF}.Release|Any CPU.Build.0 = Release|Any CPU
	EndGlobalSection
	GlobalSection(SolutionProperties) = preSolution
		HideSolutionNode = FALSE
	EndGlobalSection
EndGlobal
